Microsoft Visual Studio Solution File, Format Version 12.00
# Visual Studio Version 17
VisualStudioVersion = 17.0.31903.59
MinimumVisualStudioVersion = 10.0.40219.1
Project("{9A19103F-16F7-4668-BE54-9A1E7A4F7556}") = "AndreyTalanin0x00.Integrations.Export", "AndreyTalanin0x00.Integrations.Export\AndreyTalanin0x00.Integrations.Export.csproj", "{CAF0A327-3ADC-4086-AFFD-270AB91CF2E8}"
EndProject
Project("{9A19103F-16F7-4668-BE54-9A1E7A4F7556}") = "AndreyTalanin0x00.Integrations.Export.UnitTests", "Tests\AndreyTalanin0x00.Integrations.Export.UnitTests\AndreyTalanin0x00.Integrations.Export.UnitTests.csproj", "{3AD70C12-57E1-4646-BF97-8E9F75CBF922}"
EndProject
Global
	GlobalSection(SolutionConfigurationPlatforms) = preSolution
		Debug|Any CPU = Debug|Any CPU
		Release|Any CPU = Release|Any CPU
	EndGlobalSection
	GlobalSection(ProjectConfigurationPlatforms) = postSolution
		{CAF0A327-3ADC-4086-AFFD-270AB91CF2E8}.Debug|Any CPU.ActiveCfg = Debug|Any CPU
		{CAF0A327-3ADC-4086-AFFD-270AB91CF2E8}.Debug|Any CPU.Build.0 = Debug|Any CPU
		{CAF0A327-3ADC-4086-AFFD-270AB91CF2E8}.Release|Any CPU.ActiveCfg = Release|Any CPU
		{CAF0A327-3ADC-4086-AFFD-270AB91CF2E8}.Release|Any CPU.Build.0 = Release|Any CPU
		{3AD70C12-57E1-4646-BF97-8E9F75CBF922}.Debug|Any CPU.ActiveCfg = Debug|Any CPU
		{3AD70C12-57E1-4646-BF97-8E9F75CBF922}.Debug|Any CPU.Build.0 = Debug|Any CPU
		{3AD70C12-57E1-4646-BF97-8E9F75CBF922}.Release|Any CPU.ActiveCfg = Release|Any CPU
		{3AD70C12-57E1-4646-BF97-8E9F75CBF922}.Release|Any CPU.Build.0 = Release|Any CPU
	EndGlobalSection
	GlobalSection(SolutionProperties) = preSolution
		HideSolutionNode = FALSE
	EndGlobalSection
	GlobalSection(ExtensibilityGlobals) = postSolution
		SolutionGuid = {2DE9A6C5-F9F2-46F6-8092-C5946EB56308}
	EndGlobalSection
EndGlobal
